
Microsoft Visual Studio Solution File, Format Version 12.00
Project("{FAE04EC0-301F-11D3-BF4B-00C04F79EFBC}") = "DataGrid_With_ExpandoObject", "DataGrid_With_ExpandoObject\DataGrid_With_ExpandoObject.csproj", "{09F739B6-67E8-429D-84BF-A629C61CC44B}"
EndProject
Global
	GlobalSection(SolutionConfigurationPlatforms) = preSolution
		Debug|Any CPU = Debug|Any CPU
		Release|Any CPU = Release|Any CPU
	EndGlobalSection
	GlobalSection(ProjectConfigurationPlatforms) = postSolution
		{09F739B6-67E8-429D-84BF-A629C61CC44B}.Debug|Any CPU.ActiveCfg = Debug|Any CPU
		{09F739B6-67E8-429D-84BF-A629C61CC44B}.Debug|Any CPU.Build.0 = Debug|Any CPU
		{09F739B6-67E8-429D-84BF-A629C61CC44B}.Release|Any CPU.ActiveCfg = Release|Any CPU
		{09F739B6-67E8-429D-84BF-A629C61CC44B}.Release|Any CPU.Build.0 = Release|Any CPU
	EndGlobalSection
EndGlobal
