
Microsoft Visual Studio Solution File, Format Version 12.00
Project("{FAE04EC0-301F-11D3-BF4B-00C04F79EFBC}") = "DataGrid_With_DynamicObject", "DataGrid_With_DynamicObject\DataGrid_With_DynamicObject.csproj", "{9AAED5D2-DD4A-4735-9892-EAEDBBBD055B}"
EndProject
Global
	GlobalSection(SolutionConfigurationPlatforms) = preSolution
		Debug|Any CPU = Debug|Any CPU
		Release|Any CPU = Release|Any CPU
	EndGlobalSection
	GlobalSection(ProjectConfigurationPlatforms) = postSolution
		{9AAED5D2-DD4A-4735-9892-EAEDBBBD055B}.Debug|Any CPU.ActiveCfg = Debug|Any CPU
		{9AAED5D2-DD4A-4735-9892-EAEDBBBD055B}.Debug|Any CPU.Build.0 = Debug|Any CPU
		{9AAED5D2-DD4A-4735-9892-EAEDBBBD055B}.Release|Any CPU.ActiveCfg = Release|Any CPU
		{9AAED5D2-DD4A-4735-9892-EAEDBBBD055B}.Release|Any CPU.Build.0 = Release|Any CPU
	EndGlobalSection
EndGlobal
