
Microsoft Visual Studio Solution File, Format Version 12.00
Project("{FAE04EC0-301F-11D3-BF4B-00C04F79EFBC}") = "DataGrid_With_ExpandoObject", "DataGrid_With_ExpandoObject\DataGrid_With_ExpandoObject.csproj", "{09F739B6-67E8-429D-84BF-A629C61CC44B}"
EndProject
Project("{FAE04EC0-301F-11D3-BF4B-00C04F79EFBC}") = "DataGrid_With_DataTable", "DataGrid_With_DataTable\DataGrid_With_DataTable.csproj", "{73B3BE12-185C-49B9-9B11-3C2697A6C93A}"
EndProject
Project("{FAE04EC0-301F-11D3-BF4B-00C04F79EFBC}") = "Ursa_Dialog_Basic", "Ursa_Dialog_Basic\Ursa_Dialog_Basic.csproj", "{59422432-C185-4F5E-B28D-17B084279587}"
EndProject
Project("{FAE04EC0-301F-11D3-BF4B-00C04F79EFBC}") = "Use_ItemsPanel", "Use_ItemsPanel\Use_ItemsPanel.csproj", "{E73B8059-D265-471E-945D-12D941214422}"
EndProject
Project("{FAE04EC0-301F-11D3-BF4B-00C04F79EFBC}") = "FormLayout", "FormLayout\FormLayout.csproj", "{0DA6A1FA-F780-4003-BF70-CA70C25CAB42}"
EndProject
Global
	GlobalSection(SolutionConfigurationPlatforms) = preSolution
		Debug|Any CPU = Debug|Any CPU
		Release|Any CPU = Release|Any CPU
	EndGlobalSection
	GlobalSection(ProjectConfigurationPlatforms) = postSolution
		{09F739B6-67E8-429D-84BF-A629C61CC44B}.Debug|Any CPU.ActiveCfg = Debug|Any CPU
		{09F739B6-67E8-429D-84BF-A629C61CC44B}.Debug|Any CPU.Build.0 = Debug|Any CPU
		{09F739B6-67E8-429D-84BF-A629C61CC44B}.Release|Any CPU.ActiveCfg = Release|Any CPU
		{09F739B6-67E8-429D-84BF-A629C61CC44B}.Release|Any CPU.Build.0 = Release|Any CPU
		{73B3BE12-185C-49B9-9B11-3C2697A6C93A}.Debug|Any CPU.ActiveCfg = Debug|Any CPU
		{73B3BE12-185C-49B9-9B11-3C2697A6C93A}.Debug|Any CPU.Build.0 = Debug|Any CPU
		{73B3BE12-185C-49B9-9B11-3C2697A6C93A}.Release|Any CPU.ActiveCfg = Release|Any CPU
		{73B3BE12-185C-49B9-9B11-3C2697A6C93A}.Release|Any CPU.Build.0 = Release|Any CPU
		{59422432-C185-4F5E-B28D-17B084279587}.Debug|Any CPU.ActiveCfg = Debug|Any CPU
		{59422432-C185-4F5E-B28D-17B084279587}.Debug|Any CPU.Build.0 = Debug|Any CPU
		{59422432-C185-4F5E-B28D-17B084279587}.Release|Any CPU.ActiveCfg = Release|Any CPU
		{59422432-C185-4F5E-B28D-17B084279587}.Release|Any CPU.Build.0 = Release|Any CPU
		{E73B8059-D265-471E-945D-12D941214422}.Debug|Any CPU.ActiveCfg = Debug|Any CPU
		{E73B8059-D265-471E-945D-12D941214422}.Debug|Any CPU.Build.0 = Debug|Any CPU
		{E73B8059-D265-471E-945D-12D941214422}.Release|Any CPU.ActiveCfg = Release|Any CPU
		{E73B8059-D265-471E-945D-12D941214422}.Release|Any CPU.Build.0 = Release|Any CPU
		{0DA6A1FA-F780-4003-BF70-CA70C25CAB42}.Debug|Any CPU.ActiveCfg = Debug|Any CPU
		{0DA6A1FA-F780-4003-BF70-CA70C25CAB42}.Debug|Any CPU.Build.0 = Debug|Any CPU
		{0DA6A1FA-F780-4003-BF70-CA70C25CAB42}.Release|Any CPU.ActiveCfg = Release|Any CPU
		{0DA6A1FA-F780-4003-BF70-CA70C25CAB42}.Release|Any CPU.Build.0 = Release|Any CPU
	EndGlobalSection
EndGlobal
